
Microsoft Visual Studio Solution File, Format Version 12.00
# Visual Studio 15
VisualStudioVersion = 15.0.26228.9
MinimumVisualStudioVersion = 10.0.40219.1
Project("{FAE04EC0-301F-11D3-BF4B-00C04F79EFBC}") = "NotificationListener", "NotificationListener\NotificationListener.csproj", "{D47BF3C4-9EB3-4226-A5E9-D0858B4F0B97}"
EndProject
Project("{FAE04EC0-301F-11D3-BF4B-00C04F79EFBC}") = "NotificationMain", "NotificationMain\NotificationMain.csproj", "{6C7E4F47-E7CE-4E91-8EDE-68F8FF54765F}"
EndProject
Global
	GlobalSection(SolutionConfigurationPlatforms) = preSolution
		Debug|Any CPU = Debug|Any CPU
		Release|Any CPU = Release|Any CPU
	EndGlobalSection
	GlobalSection(ProjectConfigurationPlatforms) = postSolution
		{D47BF3C4-9EB3-4226-A5E9-D0858B4F0B97}.Debug|Any CPU.ActiveCfg = Debug|Any CPU
		{D47BF3C4-9EB3-4226-A5E9-D0858B4F0B97}.Debug|Any CPU.Build.0 = Debug|Any CPU
		{D47BF3C4-9EB3-4226-A5E9-D0858B4F0B97}.Release|Any CPU.ActiveCfg = Release|Any CPU
		{D47BF3C4-9EB3-4226-A5E9-D0858B4F0B97}.Release|Any CPU.Build.0 = Release|Any CPU
		{6C7E4F47-E7CE-4E91-8EDE-68F8FF54765F}.Debug|Any CPU.ActiveCfg = Debug|Any CPU
		{6C7E4F47-E7CE-4E91-8EDE-68F8FF54765F}.Debug|Any CPU.Build.0 = Debug|Any CPU
		{6C7E4F47-E7CE-4E91-8EDE-68F8FF54765F}.Release|Any CPU.ActiveCfg = Release|Any CPU
		{6C7E4F47-E7CE-4E91-8EDE-68F8FF54765F}.Release|Any CPU.Build.0 = Release|Any CPU
	EndGlobalSection
	GlobalSection(SolutionProperties) = preSolution
		HideSolutionNode = FALSE
	EndGlobalSection
EndGlobal
